
Microsoft Visual Studio Solution File, Format Version 12.00
# Visual Studio Version 16
VisualStudioVersion = 16.0.31321.278
MinimumVisualStudioVersion = 10.0.40219.1
Project("{FAE04EC0-301F-11D3-BF4B-00C04F79EFBC}") = "Dosya_Islemleri", "Dosya_Islemleri\Dosya_Islemleri.csproj", "{451989E4-1183-4EBA-AE2C-502DFF743267}"
EndProject
Global
	GlobalSection(SolutionConfigurationPlatforms) = preSolution
		Debug|Any CPU = Debug|Any CPU
		Release|Any CPU = Release|Any CPU
	EndGlobalSection
	GlobalSection(ProjectConfigurationPlatforms) = postSolution
		{451989E4-1183-4EBA-AE2C-502DFF743267}.Debug|Any CPU.ActiveCfg = Debug|Any CPU
		{451989E4-1183-4EBA-AE2C-502DFF743267}.Debug|Any CPU.Build.0 = Debug|Any CPU
		{451989E4-1183-4EBA-AE2C-502DFF743267}.Release|Any CPU.ActiveCfg = Release|Any CPU
		{451989E4-1183-4EBA-AE2C-502DFF743267}.Release|Any CPU.Build.0 = Release|Any CPU
	EndGlobalSection
	GlobalSection(SolutionProperties) = preSolution
		HideSolutionNode = FALSE
	EndGlobalSection
	GlobalSection(ExtensibilityGlobals) = postSolution
		SolutionGuid = {30B4E651-4E55-4A81-B019-6FFCE0380CE9}
	EndGlobalSection
EndGlobal
